
Microsoft Visual Studio Solution File, Format Version 12.00
# Visual Studio Version 17
VisualStudioVersion = 17.4.33205.214
MinimumVisualStudioVersion = 15.0.26124.0
Project("{9A19103F-16F7-4668-BE54-9A1E7A4F7556}") = "AplosConnector.Web", "AplosConnector.Web\AplosConnector.Web.csproj", "{078D1700-6828-4498-8AA5-3B20DFADE46C}"
EndProject
Project("{9A19103F-16F7-4668-BE54-9A1E7A4F7556}") = "AplosConnector.SyncWorker", "AplosConnector.SyncWorker\AplosConnector.SyncWorker.csproj", "{233E8991-5A24-4F7D-BC1A-5449E816B29F}"
EndProject
Project("{9A19103F-16F7-4668-BE54-9A1E7A4F7556}") = "AplosConnector.Common", "AplosConnector.Common\AplosConnector.Common.csproj", "{5C8B5E0F-2C89-426A-B594-24ACB3800C53}"
EndProject
Project("{9A19103F-16F7-4668-BE54-9A1E7A4F7556}") = "Aplos.Api.Client", "Aplos.Api.Client\Aplos.Api.Client.csproj", "{AB9E9AAD-6865-4835-AF55-01356A696409}"
EndProject
Project("{2150E333-8FDC-42A3-9474-1A3956D46DE8}") = "src", "src", "{6618117F-ACA8-42EF-A796-268FE3DA0CA9}"
EndProject
Project("{2150E333-8FDC-42A3-9474-1A3956D46DE8}") = "tests", "tests", "{35AEA4A2-D221-486E-8F58-1E8275DD50FA}"
EndProject
Project("{9A19103F-16F7-4668-BE54-9A1E7A4F7556}") = "Aplos.Api.Client.Tests", "..\tests\Aplos.Api.Client.Tests\Aplos.Api.Client.Tests.csproj", "{B781F1EB-A82E-4BC7-A48C-F6F5CF9C9BDA}"
EndProject
Project("{9A19103F-16F7-4668-BE54-9A1E7A4F7556}") = "AplosConnector.Web.Tests", "..\tests\AplosConnector.Web.Tests\AplosConnector.Web.Tests.csproj", "{D3959E3B-73FC-4F08-88E3-ABABEFF1F2C5}"
EndProject
Project("{9A19103F-16F7-4668-BE54-9A1E7A4F7556}") = "AplosConnector.Common.Tests", "..\tests\AplosConnector.Common.Tests\AplosConnector.Common.Tests.csproj", "{D1FC4CAA-A092-4F9F-AABD-1B0A82B96FB1}"
EndProject
Project("{FAE04EC0-301F-11D3-BF4B-00C04F79EFBC}") = "PexCard.App.Infrastructure.AzureServiceBus", "PexCard.App.Infrastructure.AzureServiceBus\PexCard.App.Infrastructure.AzureServiceBus.csproj", "{5D7DD073-5A5C-4243-9C9E-5A36ECA955F3}"
EndProject
Global
	GlobalSection(SolutionConfigurationPlatforms) = preSolution
		Debug|Any CPU = Debug|Any CPU
		Debug|x64 = Debug|x64
		Debug|x86 = Debug|x86
		Release|Any CPU = Release|Any CPU
		Release|x64 = Release|x64
		Release|x86 = Release|x86
	EndGlobalSection
	GlobalSection(ProjectConfigurationPlatforms) = postSolution
		{078D1700-6828-4498-8AA5-3B20DFADE46C}.Debug|Any CPU.ActiveCfg = Debug|Any CPU
		{078D1700-6828-4498-8AA5-3B20DFADE46C}.Debug|Any CPU.Build.0 = Debug|Any CPU
		{078D1700-6828-4498-8AA5-3B20DFADE46C}.Debug|x64.ActiveCfg = Debug|Any CPU
		{078D1700-6828-4498-8AA5-3B20DFADE46C}.Debug|x64.Build.0 = Debug|Any CPU
		{078D1700-6828-4498-8AA5-3B20DFADE46C}.Debug|x86.ActiveCfg = Debug|Any CPU
		{078D1700-6828-4498-8AA5-3B20DFADE46C}.Debug|x86.Build.0 = Debug|Any CPU
		{078D1700-6828-4498-8AA5-3B20DFADE46C}.Release|Any CPU.ActiveCfg = Release|Any CPU
		{078D1700-6828-4498-8AA5-3B20DFADE46C}.Release|Any CPU.Build.0 = Release|Any CPU
		{078D1700-6828-4498-8AA5-3B20DFADE46C}.Release|x64.ActiveCfg = Release|Any CPU
		{078D1700-6828-4498-8AA5-3B20DFADE46C}.Release|x64.Build.0 = Release|Any CPU
		{078D1700-6828-4498-8AA5-3B20DFADE46C}.Release|x86.ActiveCfg = Release|Any CPU
		{078D1700-6828-4498-8AA5-3B20DFADE46C}.Release|x86.Build.0 = Release|Any CPU
		{233E8991-5A24-4F7D-BC1A-5449E816B29F}.Debug|Any CPU.ActiveCfg = Debug|Any CPU
		{233E8991-5A24-4F7D-BC1A-5449E816B29F}.Debug|Any CPU.Build.0 = Debug|Any CPU
		{233E8991-5A24-4F7D-BC1A-5449E816B29F}.Debug|x64.ActiveCfg = Debug|Any CPU
		{233E8991-5A24-4F7D-BC1A-5449E816B29F}.Debug|x64.Build.0 = Debug|Any CPU
		{233E8991-5A24-4F7D-BC1A-5449E816B29F}.Debug|x86.ActiveCfg = Debug|Any CPU
		{233E8991-5A24-4F7D-BC1A-5449E816B29F}.Debug|x86.Build.0 = Debug|Any CPU
		{233E8991-5A24-4F7D-BC1A-5449E816B29F}.Release|Any CPU.ActiveCfg = Release|Any CPU
		{233E8991-5A24-4F7D-BC1A-5449E816B29F}.Release|Any CPU.Build.0 = Release|Any CPU
		{233E8991-5A24-4F7D-BC1A-5449E816B29F}.Release|x64.ActiveCfg = Release|Any CPU
		{233E8991-5A24-4F7D-BC1A-5449E816B29F}.Release|x64.Build.0 = Release|Any CPU
		{233E8991-5A24-4F7D-BC1A-5449E816B29F}.Release|x86.ActiveCfg = Release|Any CPU
		{233E8991-5A24-4F7D-BC1A-5449E816B29F}.Release|x86.Build.0 = Release|Any CPU
		{5C8B5E0F-2C89-426A-B594-24ACB3800C53}.Debug|Any CPU.ActiveCfg = Debug|Any CPU
		{5C8B5E0F-2C89-426A-B594-24ACB3800C53}.Debug|Any CPU.Build.0 = Debug|Any CPU
		{5C8B5E0F-2C89-426A-B594-24ACB3800C53}.Debug|x64.ActiveCfg = Debug|Any CPU
		{5C8B5E0F-2C89-426A-B594-24ACB3800C53}.Debug|x64.Build.0 = Debug|Any CPU
		{5C8B5E0F-2C89-426A-B594-24ACB3800C53}.Debug|x86.ActiveCfg = Debug|Any CPU
		{5C8B5E0F-2C89-426A-B594-24ACB3800C53}.Debug|x86.Build.0 = Debug|Any CPU
		{5C8B5E0F-2C89-426A-B594-24ACB3800C53}.Release|Any CPU.ActiveCfg = Release|Any CPU
		{5C8B5E0F-2C89-426A-B594-24ACB3800C53}.Release|Any CPU.Build.0 = Release|Any CPU
		{5C8B5E0F-2C89-426A-B594-24ACB3800C53}.Release|x64.ActiveCfg = Release|Any CPU
		{5C8B5E0F-2C89-426A-B594-24ACB3800C53}.Release|x64.Build.0 = Release|Any CPU
		{5C8B5E0F-2C89-426A-B594-24ACB3800C53}.Release|x86.ActiveCfg = Release|Any CPU
		{5C8B5E0F-2C89-426A-B594-24ACB3800C53}.Release|x86.Build.0 = Release|Any CPU
		{AB9E9AAD-6865-4835-AF55-01356A696409}.Debug|Any CPU.ActiveCfg = Debug|Any CPU
		{AB9E9AAD-6865-4835-AF55-01356A696409}.Debug|Any CPU.Build.0 = Debug|Any CPU
		{AB9E9AAD-6865-4835-AF55-01356A696409}.Debug|x64.ActiveCfg = Debug|Any CPU
		{AB9E9AAD-6865-4835-AF55-01356A696409}.Debug|x64.Build.0 = Debug|Any CPU
		{AB9E9AAD-6865-4835-AF55-01356A696409}.Debug|x86.ActiveCfg = Debug|Any CPU
		{AB9E9AAD-6865-4835-AF55-01356A696409}.Debug|x86.Build.0 = Debug|Any CPU
		{AB9E9AAD-6865-4835-AF55-01356A696409}.Release|Any CPU.ActiveCfg = Release|Any CPU
		{AB9E9AAD-6865-4835-AF55-01356A696409}.Release|Any CPU.Build.0 = Release|Any CPU
		{AB9E9AAD-6865-4835-AF55-01356A696409}.Release|x64.ActiveCfg = Release|Any CPU
		{AB9E9AAD-6865-4835-AF55-01356A696409}.Release|x64.Build.0 = Release|Any CPU
		{AB9E9AAD-6865-4835-AF55-01356A696409}.Release|x86.ActiveCfg = Release|Any CPU
		{AB9E9AAD-6865-4835-AF55-01356A696409}.Release|x86.Build.0 = Release|Any CPU
		{B781F1EB-A82E-4BC7-A48C-F6F5CF9C9BDA}.Debug|Any CPU.ActiveCfg = Debug|Any CPU
		{B781F1EB-A82E-4BC7-A48C-F6F5CF9C9BDA}.Debug|Any CPU.Build.0 = Debug|Any CPU
		{B781F1EB-A82E-4BC7-A48C-F6F5CF9C9BDA}.Debug|x64.ActiveCfg = Debug|Any CPU
		{B781F1EB-A82E-4BC7-A48C-F6F5CF9C9BDA}.Debug|x64.Build.0 = Debug|Any CPU
		{B781F1EB-A82E-4BC7-A48C-F6F5CF9C9BDA}.Debug|x86.ActiveCfg = Debug|Any CPU
		{B781F1EB-A82E-4BC7-A48C-F6F5CF9C9BDA}.Debug|x86.Build.0 = Debug|Any CPU
		{B781F1EB-A82E-4BC7-A48C-F6F5CF9C9BDA}.Release|Any CPU.ActiveCfg = Release|Any CPU
		{B781F1EB-A82E-4BC7-A48C-F6F5CF9C9BDA}.Release|Any CPU.Build.0 = Release|Any CPU
		{B781F1EB-A82E-4BC7-A48C-F6F5CF9C9BDA}.Release|x64.ActiveCfg = Release|Any CPU
		{B781F1EB-A82E-4BC7-A48C-F6F5CF9C9BDA}.Release|x64.Build.0 = Release|Any CPU
		{B781F1EB-A82E-4BC7-A48C-F6F5CF9C9BDA}.Release|x86.ActiveCfg = Release|Any CPU
		{B781F1EB-A82E-4BC7-A48C-F6F5CF9C9BDA}.Release|x86.Build.0 = Release|Any CPU
		{D3959E3B-73FC-4F08-88E3-ABABEFF1F2C5}.Debug|Any CPU.ActiveCfg = Debug|Any CPU
		{D3959E3B-73FC-4F08-88E3-ABABEFF1F2C5}.Debug|Any CPU.Build.0 = Debug|Any CPU
		{D3959E3B-73FC-4F08-88E3-ABABEFF1F2C5}.Debug|x64.ActiveCfg = Debug|Any CPU
		{D3959E3B-73FC-4F08-88E3-ABABEFF1F2C5}.Debug|x64.Build.0 = Debug|Any CPU
		{D3959E3B-73FC-4F08-88E3-ABABEFF1F2C5}.Debug|x86.ActiveCfg = Debug|Any CPU
		{D3959E3B-73FC-4F08-88E3-ABABEFF1F2C5}.Debug|x86.Build.0 = Debug|Any CPU
		{D3959E3B-73FC-4F08-88E3-ABABEFF1F2C5}.Release|Any CPU.ActiveCfg = Release|Any CPU
		{D3959E3B-73FC-4F08-88E3-ABABEFF1F2C5}.Release|Any CPU.Build.0 = Release|Any CPU
		{D3959E3B-73FC-4F08-88E3-ABABEFF1F2C5}.Release|x64.ActiveCfg = Release|Any CPU
		{D3959E3B-73FC-4F08-88E3-ABABEFF1F2C5}.Release|x64.Build.0 = Release|Any CPU
		{D3959E3B-73FC-4F08-88E3-ABABEFF1F2C5}.Release|x86.ActiveCfg = Release|Any CPU
		{D3959E3B-73FC-4F08-88E3-ABABEFF1F2C5}.Release|x86.Build.0 = Release|Any CPU
		{D1FC4CAA-A092-4F9F-AABD-1B0A82B96FB1}.Debug|Any CPU.ActiveCfg = Debug|Any CPU
		{D1FC4CAA-A092-4F9F-AABD-1B0A82B96FB1}.Debug|Any CPU.Build.0 = Debug|Any CPU
		{D1FC4CAA-A092-4F9F-AABD-1B0A82B96FB1}.Debug|x64.ActiveCfg = Debug|Any CPU
		{D1FC4CAA-A092-4F9F-AABD-1B0A82B96FB1}.Debug|x64.Build.0 = Debug|Any CPU
		{D1FC4CAA-A092-4F9F-AABD-1B0A82B96FB1}.Debug|x86.ActiveCfg = Debug|Any CPU
		{D1FC4CAA-A092-4F9F-AABD-1B0A82B96FB1}.Debug|x86.Build.0 = Debug|Any CPU
		{D1FC4CAA-A092-4F9F-AABD-1B0A82B96FB1}.Release|Any CPU.ActiveCfg = Release|Any CPU
		{D1FC4CAA-A092-4F9F-AABD-1B0A82B96FB1}.Release|Any CPU.Build.0 = Release|Any CPU
		{D1FC4CAA-A092-4F9F-AABD-1B0A82B96FB1}.Release|x64.ActiveCfg = Release|Any CPU
		{D1FC4CAA-A092-4F9F-AABD-1B0A82B96FB1}.Release|x64.Build.0 = Release|Any CPU
		{D1FC4CAA-A092-4F9F-AABD-1B0A82B96FB1}.Release|x86.ActiveCfg = Release|Any CPU
		{D1FC4CAA-A092-4F9F-AABD-1B0A82B96FB1}.Release|x86.Build.0 = Release|Any CPU
		{5D7DD073-5A5C-4243-9C9E-5A36ECA955F3}.Debug|Any CPU.ActiveCfg = Debug|Any CPU
		{5D7DD073-5A5C-4243-9C9E-5A36ECA955F3}.Debug|Any CPU.Build.0 = Debug|Any CPU
		{5D7DD073-5A5C-4243-9C9E-5A36ECA955F3}.Debug|x64.ActiveCfg = Debug|Any CPU
		{5D7DD073-5A5C-4243-9C9E-5A36ECA955F3}.Debug|x64.Build.0 = Debug|Any CPU
		{5D7DD073-5A5C-4243-9C9E-5A36ECA955F3}.Debug|x86.ActiveCfg = Debug|Any CPU
		{5D7DD073-5A5C-4243-9C9E-5A36ECA955F3}.Debug|x86.Build.0 = Debug|Any CPU
		{5D7DD073-5A5C-4243-9C9E-5A36ECA955F3}.Release|Any CPU.ActiveCfg = Release|Any CPU
		{5D7DD073-5A5C-4243-9C9E-5A36ECA955F3}.Release|Any CPU.Build.0 = Release|Any CPU
		{5D7DD073-5A5C-4243-9C9E-5A36ECA955F3}.Release|x64.ActiveCfg = Release|Any CPU
		{5D7DD073-5A5C-4243-9C9E-5A36ECA955F3}.Release|x64.Build.0 = Release|Any CPU
		{5D7DD073-5A5C-4243-9C9E-5A36ECA955F3}.Release|x86.ActiveCfg = Release|Any CPU
		{5D7DD073-5A5C-4243-9C9E-5A36ECA955F3}.Release|x86.Build.0 = Release|Any CPU
	EndGlobalSection
	GlobalSection(SolutionProperties) = preSolution
		HideSolutionNode = FALSE
	EndGlobalSection
	GlobalSection(NestedProjects) = preSolution
		{078D1700-6828-4498-8AA5-3B20DFADE46C} = {6618117F-ACA8-42EF-A796-268FE3DA0CA9}
		{233E8991-5A24-4F7D-BC1A-5449E816B29F} = {6618117F-ACA8-42EF-A796-268FE3DA0CA9}
		{5C8B5E0F-2C89-426A-B594-24ACB3800C53} = {6618117F-ACA8-42EF-A796-268FE3DA0CA9}
		{AB9E9AAD-6865-4835-AF55-01356A696409} = {6618117F-ACA8-42EF-A796-268FE3DA0CA9}
		{B781F1EB-A82E-4BC7-A48C-F6F5CF9C9BDA} = {35AEA4A2-D221-486E-8F58-1E8275DD50FA}
		{D3959E3B-73FC-4F08-88E3-ABABEFF1F2C5} = {35AEA4A2-D221-486E-8F58-1E8275DD50FA}
		{D1FC4CAA-A092-4F9F-AABD-1B0A82B96FB1} = {35AEA4A2-D221-486E-8F58-1E8275DD50FA}
		{5D7DD073-5A5C-4243-9C9E-5A36ECA955F3} = {6618117F-ACA8-42EF-A796-268FE3DA0CA9}
	EndGlobalSection
	GlobalSection(ExtensibilityGlobals) = postSolution
		SolutionGuid = {CBE4B6AF-CCF7-46D6-A34D-68AA8AEA3446}
	EndGlobalSection
EndGlobal
